
Microsoft Visual Studio Solution File, Format Version 12.00
# Visual Studio Version 17
VisualStudioVersion = 17.7.34202.233
MinimumVisualStudioVersion = 10.0.40219.1
Project("{FAE04EC0-301F-11D3-BF4B-00C04F79EFBC}") = "MobileAppPTLabTest20240112134900", "MobileAppPTLabTest20240112134900\MobileAppPTLabTest20240112134900.csproj", "{5C8DAA7B-F589-42C9-B447-26D1F30C0AAE}"
EndProject
Global
	GlobalSection(SolutionConfigurationPlatforms) = preSolution
		Debug|Any CPU = Debug|Any CPU
		Release|Any CPU = Release|Any CPU
	EndGlobalSection
	GlobalSection(ProjectConfigurationPlatforms) = postSolution
		{5C8DAA7B-F589-42C9-B447-26D1F30C0AAE}.Debug|Any CPU.ActiveCfg = Debug|Any CPU
		{5C8DAA7B-F589-42C9-B447-26D1F30C0AAE}.Debug|Any CPU.Build.0 = Debug|Any CPU
		{5C8DAA7B-F589-42C9-B447-26D1F30C0AAE}.Debug|Any CPU.Deploy.0 = Debug|Any CPU
		{5C8DAA7B-F589-42C9-B447-26D1F30C0AAE}.Release|Any CPU.ActiveCfg = Release|Any CPU
		{5C8DAA7B-F589-42C9-B447-26D1F30C0AAE}.Release|Any CPU.Build.0 = Release|Any CPU
		{5C8DAA7B-F589-42C9-B447-26D1F30C0AAE}.Release|Any CPU.Deploy.0 = Release|Any CPU
	EndGlobalSection
	GlobalSection(SolutionProperties) = preSolution
		HideSolutionNode = FALSE
	EndGlobalSection
	GlobalSection(ExtensibilityGlobals) = postSolution
		SolutionGuid = {1391D61A-697B-45E6-B67A-0250C4E1DFE8}
	EndGlobalSection
EndGlobal
